Microsoft Visual Studio Solution File, Format Version 12.00
# Visual Studio Version 17
VisualStudioVersion = 17.5.2.0
MinimumVisualStudioVersion = 10.0.40219.1
Project("{FAE04EC0-301F-11D3-BF4B-00C04F79EFBC}") = "StancaBlogApi", "StancaBlogApi.csproj", "{C6146A5C-C6CE-F107-9480-427849966328}"
EndProject
Global
	GlobalSection(SolutionConfigurationPlatforms) = preSolution
		Debug|Any CPU = Debug|Any CPU
		Release|Any CPU = Release|Any CPU
	EndGlobalSection
	GlobalSection(ProjectConfigurationPlatforms) = postSolution
		{C6146A5C-C6CE-F107-9480-427849966328}.Debug|Any CPU.ActiveCfg = Debug|Any CPU
		{C6146A5C-C6CE-F107-9480-427849966328}.Debug|Any CPU.Build.0 = Debug|Any CPU
		{C6146A5C-C6CE-F107-9480-427849966328}.Release|Any CPU.ActiveCfg = Release|Any CPU
		{C6146A5C-C6CE-F107-9480-427849966328}.Release|Any CPU.Build.0 = Release|Any CPU
	EndGlobalSection
	GlobalSection(SolutionProperties) = preSolution
		HideSolutionNode = FALSE
	EndGlobalSection
	GlobalSection(ExtensibilityGlobals) = postSolution
		SolutionGuid = {BD109CD4-13C9-49A1-8DCF-A78472CB7143}
	EndGlobalSection
EndGlobal
